
Microsoft Visual Studio Solution File, Format Version 12.00
# Visual Studio 15
VisualStudioVersion = 15.0.26430.16
MinimumVisualStudioVersion = 10.0.40219.1
Project("{FAE04EC0-301F-11D3-BF4B-00C04F79EFBC}") = "Pay365Wallet", "Pay365Wallet\Pay365Wallet.csproj", "{FB34B727-7239-4876-AD44-BF1368B7465C}"
EndProject
Project("{FAE04EC0-301F-11D3-BF4B-00C04F79EFBC}") = "Pay365.Utils", "Pay365.Utils\Pay365.Utils.csproj", "{3B96F267-7C5B-41F6-933A-EF49F15F5076}"
EndProject
Global
	GlobalSection(SolutionConfigurationPlatforms) = preSolution
		Debug|Any CPU = Debug|Any CPU
		Release|Any CPU = Release|Any CPU
	EndGlobalSection
	GlobalSection(ProjectConfigurationPlatforms) = postSolution
		{FB34B727-7239-4876-AD44-BF1368B7465C}.Debug|Any CPU.ActiveCfg = Debug|Any CPU
		{FB34B727-7239-4876-AD44-BF1368B7465C}.Debug|Any CPU.Build.0 = Debug|Any CPU
		{FB34B727-7239-4876-AD44-BF1368B7465C}.Release|Any CPU.ActiveCfg = Release|Any CPU
		{FB34B727-7239-4876-AD44-BF1368B7465C}.Release|Any CPU.Build.0 = Release|Any CPU
		{3B96F267-7C5B-41F6-933A-EF49F15F5076}.Debug|Any CPU.ActiveCfg = Debug|Any CPU
		{3B96F267-7C5B-41F6-933A-EF49F15F5076}.Debug|Any CPU.Build.0 = Debug|Any CPU
		{3B96F267-7C5B-41F6-933A-EF49F15F5076}.Release|Any CPU.ActiveCfg = Release|Any CPU
		{3B96F267-7C5B-41F6-933A-EF49F15F5076}.Release|Any CPU.Build.0 = Release|Any CPU
	EndGlobalSection
	GlobalSection(SolutionProperties) = preSolution
		HideSolutionNode = FALSE
	EndGlobalSection
	GlobalSection(TeamFoundationVersionControl) = preSolution
		SccNumberOfProjects = 3
		SccEnterpriseProvider = {4CA58AB2-18FA-4F8D-95D4-32DDF27D184C}
		SccTeamFoundationServer = http://52.220.92.10:8080/tfs/pay365
		SccLocalPath0 = .
		SccProjectUniqueName1 = Pay365Wallet\\Pay365Wallet.csproj
		SccProjectName1 = Pay365Wallet
		SccLocalPath1 = Pay365Wallet
		SccProjectUniqueName2 = Pay365.Utils\\Pay365.Utils.csproj
		SccProjectName2 = Pay365.Utils
		SccLocalPath2 = Pay365.Utils
	EndGlobalSection
EndGlobal
